
Microsoft Visual Studio Solution File, Format Version 12.00
# Visual Studio 15
VisualStudioVersion = 15.0.27703.2047
MinimumVisualStudioVersion = 10.0.40219.1
Project("{FAE04EC0-301F-11D3-BF4B-00C04F79EFBC}") = "ProgramEasy_Lesson1", "ProgramEasy_Lesson1\ProgramEasy_Lesson1.csproj", "{D5344CFC-949F-45D7-BE43-66A7C9134D17}"
EndProject
Global
	GlobalSection(SolutionConfigurationPlatforms) = preSolution
		Debug|Any CPU = Debug|Any CPU
		Release|Any CPU = Release|Any CPU
	EndGlobalSection
	GlobalSection(ProjectConfigurationPlatforms) = postSolution
		{D5344CFC-949F-45D7-BE43-66A7C9134D17}.Debug|Any CPU.ActiveCfg = Debug|Any CPU
		{D5344CFC-949F-45D7-BE43-66A7C9134D17}.Debug|Any CPU.Build.0 = Debug|Any CPU
		{D5344CFC-949F-45D7-BE43-66A7C9134D17}.Release|Any CPU.ActiveCfg = Release|Any CPU
		{D5344CFC-949F-45D7-BE43-66A7C9134D17}.Release|Any CPU.Build.0 = Release|Any CPU
	EndGlobalSection
	GlobalSection(SolutionProperties) = preSolution
		HideSolutionNode = FALSE
	EndGlobalSection
	GlobalSection(ExtensibilityGlobals) = postSolution
		SolutionGuid = {84428DB6-192C-45E7-8426-265164F74D47}
	EndGlobalSection
EndGlobal
