
Microsoft Visual Studio Solution File, Format Version 12.00
# Visual Studio 15
VisualStudioVersion = 15.0.28307.1972
MinimumVisualStudioVersion = 10.0.40219.1
Project("{FAE04EC0-301F-11D3-BF4B-00C04F79EFBC}") = "ProgramEasy_Lesson6", "ProgramEasy_Lesson6\ProgramEasy_Lesson6.csproj", "{84FA9042-E16A-4FC3-A645-3DB6817DC440}"
EndProject
Global
	GlobalSection(SolutionConfigurationPlatforms) = preSolution
		Debug|Any CPU = Debug|Any CPU
		Release|Any CPU = Release|Any CPU
	EndGlobalSection
	GlobalSection(ProjectConfigurationPlatforms) = postSolution
		{84FA9042-E16A-4FC3-A645-3DB6817DC440}.Debug|Any CPU.ActiveCfg = Debug|Any CPU
		{84FA9042-E16A-4FC3-A645-3DB6817DC440}.Debug|Any CPU.Build.0 = Debug|Any CPU
		{84FA9042-E16A-4FC3-A645-3DB6817DC440}.Release|Any CPU.ActiveCfg = Release|Any CPU
		{84FA9042-E16A-4FC3-A645-3DB6817DC440}.Release|Any CPU.Build.0 = Release|Any CPU
	EndGlobalSection
	GlobalSection(SolutionProperties) = preSolution
		HideSolutionNode = FALSE
	EndGlobalSection
	GlobalSection(ExtensibilityGlobals) = postSolution
		SolutionGuid = {53F84D9C-2871-4F58-9FC9-03230DB4009D}
	EndGlobalSection
EndGlobal
